
Microsoft Visual Studio Solution File, Format Version 12.00
# Visual Studio Version 17
VisualStudioVersion = 17.8.34330.188
MinimumVisualStudioVersion = 10.0.40219.1
Project("{FAE04EC0-301F-11D3-BF4B-00C04F79EFBC}") = "Proyecto_Grilla", "Proyecto_Grilla\Proyecto_Grilla.csproj", "{9E244003-38CB-4633-A4BC-1A4619F2EEAF}"
EndProject
Global
	GlobalSection(SolutionConfigurationPlatforms) = preSolution
		Debug|Any CPU = Debug|Any CPU
		Release|Any CPU = Release|Any CPU
	EndGlobalSection
	GlobalSection(ProjectConfigurationPlatforms) = postSolution
		{9E244003-38CB-4633-A4BC-1A4619F2EEAF}.Debug|Any CPU.ActiveCfg = Debug|Any CPU
		{9E244003-38CB-4633-A4BC-1A4619F2EEAF}.Debug|Any CPU.Build.0 = Debug|Any CPU
		{9E244003-38CB-4633-A4BC-1A4619F2EEAF}.Release|Any CPU.ActiveCfg = Release|Any CPU
		{9E244003-38CB-4633-A4BC-1A4619F2EEAF}.Release|Any CPU.Build.0 = Release|Any CPU
	EndGlobalSection
	GlobalSection(SolutionProperties) = preSolution
		HideSolutionNode = FALSE
	EndGlobalSection
	GlobalSection(ExtensibilityGlobals) = postSolution
		SolutionGuid = {FBEAF707-4BB0-4C1C-8307-F30EE488ACF8}
	EndGlobalSection
EndGlobal
